<?xml version="1.0" encoding="UTF-8"?>
<Scheme
   LastUpgradeVersion = "0700"
   version = "1.3">
   <BuildAction
      parallelizeBuildables = "YES"
      buildImplicitDependencies = "YES">
      <BuildActionEntries>
         <BuildActionEntry
            buildForTesting = "YES"
            buildForRunning = "YES"
            buildForProfiling = "YES"
            buildForArchiving = "YES"
            buildForAnalyzing = "YES">
            <BuildableReference
               BuildableIdentifier = "primary"
               BlueprintIdentifier = "FA74E7801AC73A83002E1520"
               BuildableName = "Air Tasks WatchKit App.app"
               BlueprintName = "Air Tasks WatchKit App"
               ReferencedContainer = "container:Air Tasks.xcodeproj">
            </BuildableReference>
         </BuildActionEntry>
         <BuildActionEntry
            buildForTesting = "YES"
            buildForRunning = "YES"
            buildForProfiling = "YES"
            buildForArchiving = "YES"
            buildForAnalyzing = "YES">
            <BuildableReference
               BuildableIdentifier = "primary"
               BlueprintIdentifier = "FA74E76E1AC73A83002E1520"
               BuildableName = "Air Tasks WatchKit Extension.appex"
               BlueprintName = "Air Tasks WatchKit Extension"
               ReferencedContainer = "container:Air Tasks.xcodeproj">
            </BuildableReference>
         </BuildActionEntry>
         <BuildActionEntry
            buildForTesting = "YES"
            buildForRunning = "YES"
            buildForProfiling = "YES"
            buildForArchiving = "YES"
            buildForAnalyzing = "YES">
            <BuildableReference
               BuildableIdentifier = "primary"
               BlueprintIdentifier = "FA0D4A731807C56800BC66F9"
               BuildableName = "Air Tasks.app"
               BlueprintName = "Air Tasks"
               ReferencedContainer = "container:Air Tasks.xcodeproj">
            </BuildableReference>
         </BuildActionEntry>
      </BuildActionEntries>
   </BuildAction>
   <TestAction
      buildConfiguration = "Debug"
      selectedDebuggerIdentifier = "Xcode.DebuggerFoundation.Debugger.LLDB"
      selectedLauncherIdentifier = "Xcode.DebuggerFoundation.Launcher.LLDB"
      shouldUseLaunchSchemeArgsEnv = "YES">
      <Testables>
      </Testables>
      <MacroExpansion>
         <BuildableReference
            BuildableIdentifier = "primary"
            BlueprintIdentifier = "FA74E7801AC73A83002E1520"
            BuildableName = "Air Tasks WatchKit App.app"
            BlueprintName = "Air Tasks WatchKit App"
            ReferencedContainer = "container:Air Tasks.xcodeproj">
         </BuildableReference>
      </MacroExpansion>
      <AdditionalOptions>
      </AdditionalOptions>
   </TestAction>
   <LaunchAction
      buildConfiguration = "Debug"
      selectedDebuggerIdentifier = "Xcode.DebuggerFoundation.Debugger.LLDB"
      selectedLauncherIdentifier = "Xcode.DebuggerFoundation.Launcher.LLDB"
      launchStyle = "0"
      useCustomWorkingDirectory = "NO"
      ignoresPersistentStateOnLaunch = "NO"
      debugDocumentVersioning = "YES"
      debugServiceExtension = "internal"
      allowLocationSimulation = "YES">
      <RemoteRunnable
         runnableDebuggingMode = "2"
         BundleIdentifier = "com.apple.springboard"
         RemotePath = "/Air Tasks">
         <BuildableReference
            BuildableIdentifier = "primary"
            BlueprintIdentifier = "FA74E7801AC73A83002E1520"
            BuildableName = "Air Tasks WatchKit App.app"
            BlueprintName = "Air Tasks WatchKit App"
            ReferencedContainer = "container:Air Tasks.xcodeproj">
         </BuildableReference>
      </RemoteRunnable>
      <MacroExpansion>
         <BuildableReference
            BuildableIdentifier = "primary"
            BlueprintIdentifier = "FA74E7801AC73A83002E1520"
            BuildableName = "Air Tasks WatchKit App.app"
            BlueprintName = "Air Tasks WatchKit App"
            ReferencedContainer = "container:Air Tasks.xcodeproj">
         </BuildableReference>
      </MacroExpansion>
      <AdditionalOptions>
      </AdditionalOptions>
   </LaunchAction>
   <ProfileAction
      buildConfiguration = "Release"
      shouldUseLaunchSchemeArgsEnv = "YES"
      savedToolIdentifier = ""
      useCustomWorkingDirectory = "NO"
      debugDocumentVersioning = "YES">
      <RemoteRunnable
         runnableDebuggingMode = "2"
         BundleIdentifier = "com.apple.springboard"
         RemotePath = "/Air Tasks">
         <BuildableReference
            BuildableIdentifier = "primary"
            BlueprintIdentifier = "FA74E7801AC73A83002E1520"
            BuildableName = "Air Tasks WatchKit App.app"
            BlueprintName = "Air Tasks WatchKit App"
            ReferencedContainer = "container:Air Tasks.xcodeproj">
         </BuildableReference>
      </RemoteRunnable>
      <MacroExpansion>
         <BuildableReference
            BuildableIdentifier = "primary"
            BlueprintIdentifier = "FA74E7801AC73A83002E1520"
            BuildableName = "Air Tasks WatchKit App.app"
            BlueprintName = "Air Tasks WatchKit App"
            ReferencedContainer = "container:Air Tasks.xcodeproj">
         </BuildableReference>
      </MacroExpansion>
   </ProfileAction>
   <AnalyzeAction
      buildConfiguration = "Debug">
   </AnalyzeAction>
   <ArchiveAction
      buildConfiguration = "Release"
      revealArchiveInOrganizer = "YES">
   </ArchiveAction>
</Scheme>
